
Microsoft Visual Studio Solution File, Format Version 12.00
# Visual Studio 15
VisualStudioVersion = 15.0.28307.106
MinimumVisualStudioVersion = 10.0.40219.1
Project("{FAE04EC0-301F-11D3-BF4B-00C04F79EFBC}") = "3-19 Örnek", "3-19 Örnek\3-19 Örnek.csproj", "{EB2D5343-642A-4FFB-9A62-D78EFB5D983A}"
EndProject
Global
	GlobalSection(SolutionConfigurationPlatforms) = preSolution
		Debug|Any CPU = Debug|Any CPU
		Release|Any CPU = Release|Any CPU
	EndGlobalSection
	GlobalSection(ProjectConfigurationPlatforms) = postSolution
		{EB2D5343-642A-4FFB-9A62-D78EFB5D983A}.Debug|Any CPU.ActiveCfg = Debug|Any CPU
		{EB2D5343-642A-4FFB-9A62-D78EFB5D983A}.Debug|Any CPU.Build.0 = Debug|Any CPU
		{EB2D5343-642A-4FFB-9A62-D78EFB5D983A}.Release|Any CPU.ActiveCfg = Release|Any CPU
		{EB2D5343-642A-4FFB-9A62-D78EFB5D983A}.Release|Any CPU.Build.0 = Release|Any CPU
	EndGlobalSection
	GlobalSection(SolutionProperties) = preSolution
		HideSolutionNode = FALSE
	EndGlobalSection
	GlobalSection(ExtensibilityGlobals) = postSolution
		SolutionGuid = {D8714FF3-1830-48B4-871C-A5FE3F5766E4}
	EndGlobalSection
EndGlobal
