
Microsoft Visual Studio Solution File, Format Version 12.00
# Visual Studio 15
VisualStudioVersion = 15.0.28307.106
MinimumVisualStudioVersion = 10.0.40219.1
Project("{FAE04EC0-301F-11D3-BF4B-00C04F79EFBC}") = "3-5 Veya Örnek", "3-5 Veya Örnek\3-5 Veya Örnek.csproj", "{76E391CE-DB54-48A5-9E6F-8D634E5C4833}"
EndProject
Global
	GlobalSection(SolutionConfigurationPlatforms) = preSolution
		Debug|Any CPU = Debug|Any CPU
		Release|Any CPU = Release|Any CPU
	EndGlobalSection
	GlobalSection(ProjectConfigurationPlatforms) = postSolution
		{76E391CE-DB54-48A5-9E6F-8D634E5C4833}.Debug|Any CPU.ActiveCfg = Debug|Any CPU
		{76E391CE-DB54-48A5-9E6F-8D634E5C4833}.Debug|Any CPU.Build.0 = Debug|Any CPU
		{76E391CE-DB54-48A5-9E6F-8D634E5C4833}.Release|Any CPU.ActiveCfg = Release|Any CPU
		{76E391CE-DB54-48A5-9E6F-8D634E5C4833}.Release|Any CPU.Build.0 = Release|Any CPU
	EndGlobalSection
	GlobalSection(SolutionProperties) = preSolution
		HideSolutionNode = FALSE
	EndGlobalSection
	GlobalSection(ExtensibilityGlobals) = postSolution
		SolutionGuid = {3FCEF9E4-B626-4346-9361-61ACF88F1097}
	EndGlobalSection
EndGlobal
