
Microsoft Visual Studio Solution File, Format Version 12.00
# Visual Studio 15
VisualStudioVersion = 15.0.28307.106
MinimumVisualStudioVersion = 10.0.40219.1
Project("{FAE04EC0-301F-11D3-BF4B-00C04F79EFBC}") = "3-7 Inlıne İf", "3-7 Inlıne İf\3-7 Inlıne İf.csproj", "{2A4E2333-3F69-4D78-86B9-22D92540DE0C}"
EndProject
Global
	GlobalSection(SolutionConfigurationPlatforms) = preSolution
		Debug|Any CPU = Debug|Any CPU
		Release|Any CPU = Release|Any CPU
	EndGlobalSection
	GlobalSection(ProjectConfigurationPlatforms) = postSolution
		{2A4E2333-3F69-4D78-86B9-22D92540DE0C}.Debug|Any CPU.ActiveCfg = Debug|Any CPU
		{2A4E2333-3F69-4D78-86B9-22D92540DE0C}.Debug|Any CPU.Build.0 = Debug|Any CPU
		{2A4E2333-3F69-4D78-86B9-22D92540DE0C}.Release|Any CPU.ActiveCfg = Release|Any CPU
		{2A4E2333-3F69-4D78-86B9-22D92540DE0C}.Release|Any CPU.Build.0 = Release|Any CPU
	EndGlobalSection
	GlobalSection(SolutionProperties) = preSolution
		HideSolutionNode = FALSE
	EndGlobalSection
	GlobalSection(ExtensibilityGlobals) = postSolution
		SolutionGuid = {057CA21D-442D-4EF5-B052-2E3DF806957A}
	EndGlobalSection
EndGlobal
