
Microsoft Visual Studio Solution File, Format Version 12.00
# Visual Studio 15
VisualStudioVersion = 15.0.28307.106
MinimumVisualStudioVersion = 10.0.40219.1
Project("{FAE04EC0-301F-11D3-BF4B-00C04F79EFBC}") = "4-14_Dizi_Nasıl_Tanimlanir", "4-14_Dizi_Nasıl_Tanimlanir\4-14_Dizi_Nasıl_Tanimlanir.csproj", "{D1D24C24-A6BF-4BA3-849E-8B2A2BB5A2E1}"
EndProject
Global
	GlobalSection(SolutionConfigurationPlatforms) = preSolution
		Debug|Any CPU = Debug|Any CPU
		Release|Any CPU = Release|Any CPU
	EndGlobalSection
	GlobalSection(ProjectConfigurationPlatforms) = postSolution
		{D1D24C24-A6BF-4BA3-849E-8B2A2BB5A2E1}.Debug|Any CPU.ActiveCfg = Debug|Any CPU
		{D1D24C24-A6BF-4BA3-849E-8B2A2BB5A2E1}.Debug|Any CPU.Build.0 = Debug|Any CPU
		{D1D24C24-A6BF-4BA3-849E-8B2A2BB5A2E1}.Release|Any CPU.ActiveCfg = Release|Any CPU
		{D1D24C24-A6BF-4BA3-849E-8B2A2BB5A2E1}.Release|Any CPU.Build.0 = Release|Any CPU
	EndGlobalSection
	GlobalSection(SolutionProperties) = preSolution
		HideSolutionNode = FALSE
	EndGlobalSection
	GlobalSection(ExtensibilityGlobals) = postSolution
		SolutionGuid = {B2B3E779-DB54-4AC0-BCAB-AC05D2115A79}
	EndGlobalSection
EndGlobal
