
Microsoft Visual Studio Solution File, Format Version 12.00
# Visual Studio 15
VisualStudioVersion = 15.0.28307.106
MinimumVisualStudioVersion = 10.0.40219.1
Project("{FAE04EC0-301F-11D3-BF4B-00C04F79EFBC}") = "4-8 Örnek", "4-8 Örnek\4-8 Örnek.csproj", "{DFD17DD9-9D4C-45B9-A379-FBA040D05F0A}"
EndProject
Global
	GlobalSection(SolutionConfigurationPlatforms) = preSolution
		Debug|Any CPU = Debug|Any CPU
		Release|Any CPU = Release|Any CPU
	EndGlobalSection
	GlobalSection(ProjectConfigurationPlatforms) = postSolution
		{DFD17DD9-9D4C-45B9-A379-FBA040D05F0A}.Debug|Any CPU.ActiveCfg = Debug|Any CPU
		{DFD17DD9-9D4C-45B9-A379-FBA040D05F0A}.Debug|Any CPU.Build.0 = Debug|Any CPU
		{DFD17DD9-9D4C-45B9-A379-FBA040D05F0A}.Release|Any CPU.ActiveCfg = Release|Any CPU
		{DFD17DD9-9D4C-45B9-A379-FBA040D05F0A}.Release|Any CPU.Build.0 = Release|Any CPU
	EndGlobalSection
	GlobalSection(SolutionProperties) = preSolution
		HideSolutionNode = FALSE
	EndGlobalSection
	GlobalSection(ExtensibilityGlobals) = postSolution
		SolutionGuid = {8A58A441-620F-4B85-A912-91E864B87DF8}
	EndGlobalSection
EndGlobal
