
Microsoft Visual Studio Solution File, Format Version 12.00
# Visual Studio 15
VisualStudioVersion = 15.0.28307.106
MinimumVisualStudioVersion = 10.0.40219.1
Project("{FAE04EC0-301F-11D3-BF4B-00C04F79EFBC}") = "5-11_Ornek", "5-11_Ornek\5-11_Ornek.csproj", "{A2B78D78-A9CB-445A-8236-5D8F9FFE64C8}"
EndProject
Global
	GlobalSection(SolutionConfigurationPlatforms) = preSolution
		Debug|Any CPU = Debug|Any CPU
		Release|Any CPU = Release|Any CPU
	EndGlobalSection
	GlobalSection(ProjectConfigurationPlatforms) = postSolution
		{A2B78D78-A9CB-445A-8236-5D8F9FFE64C8}.Debug|Any CPU.ActiveCfg = Debug|Any CPU
		{A2B78D78-A9CB-445A-8236-5D8F9FFE64C8}.Debug|Any CPU.Build.0 = Debug|Any CPU
		{A2B78D78-A9CB-445A-8236-5D8F9FFE64C8}.Release|Any CPU.ActiveCfg = Release|Any CPU
		{A2B78D78-A9CB-445A-8236-5D8F9FFE64C8}.Release|Any CPU.Build.0 = Release|Any CPU
	EndGlobalSection
	GlobalSection(SolutionProperties) = preSolution
		HideSolutionNode = FALSE
	EndGlobalSection
	GlobalSection(ExtensibilityGlobals) = postSolution
		SolutionGuid = {C322F0D4-26ED-4092-944F-4D3C2431ECD0}
	EndGlobalSection
EndGlobal
