
Microsoft Visual Studio Solution File, Format Version 12.00
# Visual Studio 15
VisualStudioVersion = 15.0.28307.106
MinimumVisualStudioVersion = 10.0.40219.1
Project("{FAE04EC0-301F-11D3-BF4B-00C04F79EFBC}") = "5-12_Ornek", "5-12_Ornek\5-12_Ornek.csproj", "{B4CF2451-A8D4-42D2-B1EE-644D6A2B6E75}"
EndProject
Global
	GlobalSection(SolutionConfigurationPlatforms) = preSolution
		Debug|Any CPU = Debug|Any CPU
		Release|Any CPU = Release|Any CPU
	EndGlobalSection
	GlobalSection(ProjectConfigurationPlatforms) = postSolution
		{B4CF2451-A8D4-42D2-B1EE-644D6A2B6E75}.Debug|Any CPU.ActiveCfg = Debug|Any CPU
		{B4CF2451-A8D4-42D2-B1EE-644D6A2B6E75}.Debug|Any CPU.Build.0 = Debug|Any CPU
		{B4CF2451-A8D4-42D2-B1EE-644D6A2B6E75}.Release|Any CPU.ActiveCfg = Release|Any CPU
		{B4CF2451-A8D4-42D2-B1EE-644D6A2B6E75}.Release|Any CPU.Build.0 = Release|Any CPU
	EndGlobalSection
	GlobalSection(SolutionProperties) = preSolution
		HideSolutionNode = FALSE
	EndGlobalSection
	GlobalSection(ExtensibilityGlobals) = postSolution
		SolutionGuid = {BD97A465-E514-4F5A-8A15-B65E3F75C5E4}
	EndGlobalSection
EndGlobal
