
Microsoft Visual Studio Solution File, Format Version 12.00
# Visual Studio 15
VisualStudioVersion = 15.0.28307.106
MinimumVisualStudioVersion = 10.0.40219.1
Project("{FAE04EC0-301F-11D3-BF4B-00C04F79EFBC}") = "5-14_Ornek4", "5-14_Ornek4\5-14_Ornek4.csproj", "{C72A011A-4134-41F3-966D-364E505662B6}"
EndProject
Global
	GlobalSection(SolutionConfigurationPlatforms) = preSolution
		Debug|Any CPU = Debug|Any CPU
		Release|Any CPU = Release|Any CPU
	EndGlobalSection
	GlobalSection(ProjectConfigurationPlatforms) = postSolution
		{C72A011A-4134-41F3-966D-364E505662B6}.Debug|Any CPU.ActiveCfg = Debug|Any CPU
		{C72A011A-4134-41F3-966D-364E505662B6}.Debug|Any CPU.Build.0 = Debug|Any CPU
		{C72A011A-4134-41F3-966D-364E505662B6}.Release|Any CPU.ActiveCfg = Release|Any CPU
		{C72A011A-4134-41F3-966D-364E505662B6}.Release|Any CPU.Build.0 = Release|Any CPU
	EndGlobalSection
	GlobalSection(SolutionProperties) = preSolution
		HideSolutionNode = FALSE
	EndGlobalSection
	GlobalSection(ExtensibilityGlobals) = postSolution
		SolutionGuid = {6FF0BF13-F387-49A4-98C9-CF9139551594}
	EndGlobalSection
EndGlobal
