
Microsoft Visual Studio Solution File, Format Version 12.00
# Visual Studio 15
VisualStudioVersion = 15.0.28307.106
MinimumVisualStudioVersion = 10.0.40219.1
Project("{FAE04EC0-301F-11D3-BF4B-00C04F79EFBC}") = "5-18_Ornek", "5-18_Ornek\5-18_Ornek.csproj", "{214CA9AC-06DA-41DF-A6DC-E1FF4FC4452F}"
EndProject
Global
	GlobalSection(SolutionConfigurationPlatforms) = preSolution
		Debug|Any CPU = Debug|Any CPU
		Release|Any CPU = Release|Any CPU
	EndGlobalSection
	GlobalSection(ProjectConfigurationPlatforms) = postSolution
		{214CA9AC-06DA-41DF-A6DC-E1FF4FC4452F}.Debug|Any CPU.ActiveCfg = Debug|Any CPU
		{214CA9AC-06DA-41DF-A6DC-E1FF4FC4452F}.Debug|Any CPU.Build.0 = Debug|Any CPU
		{214CA9AC-06DA-41DF-A6DC-E1FF4FC4452F}.Release|Any CPU.ActiveCfg = Release|Any CPU
		{214CA9AC-06DA-41DF-A6DC-E1FF4FC4452F}.Release|Any CPU.Build.0 = Release|Any CPU
	EndGlobalSection
	GlobalSection(SolutionProperties) = preSolution
		HideSolutionNode = FALSE
	EndGlobalSection
	GlobalSection(ExtensibilityGlobals) = postSolution
		SolutionGuid = {F78D02FA-6026-43B1-9B22-DDFE5F61D37C}
	EndGlobalSection
EndGlobal
