
Microsoft Visual Studio Solution File, Format Version 12.00
# Visual Studio 15
VisualStudioVersion = 15.0.28307.106
MinimumVisualStudioVersion = 10.0.40219.1
Project("{FAE04EC0-301F-11D3-BF4B-00C04F79EFBC}") = "5-19_BreakveContinue", "5-19_BreakveContinue\5-19_BreakveContinue.csproj", "{12E49972-6F32-425B-A7A3-5A0FC22F304F}"
EndProject
Global
	GlobalSection(SolutionConfigurationPlatforms) = preSolution
		Debug|Any CPU = Debug|Any CPU
		Release|Any CPU = Release|Any CPU
	EndGlobalSection
	GlobalSection(ProjectConfigurationPlatforms) = postSolution
		{12E49972-6F32-425B-A7A3-5A0FC22F304F}.Debug|Any CPU.ActiveCfg = Debug|Any CPU
		{12E49972-6F32-425B-A7A3-5A0FC22F304F}.Debug|Any CPU.Build.0 = Debug|Any CPU
		{12E49972-6F32-425B-A7A3-5A0FC22F304F}.Release|Any CPU.ActiveCfg = Release|Any CPU
		{12E49972-6F32-425B-A7A3-5A0FC22F304F}.Release|Any CPU.Build.0 = Release|Any CPU
	EndGlobalSection
	GlobalSection(SolutionProperties) = preSolution
		HideSolutionNode = FALSE
	EndGlobalSection
	GlobalSection(ExtensibilityGlobals) = postSolution
		SolutionGuid = {42AA23BD-1E1C-4DEE-BCFE-C5EC0A13ABA3}
	EndGlobalSection
EndGlobal
