
Microsoft Visual Studio Solution File, Format Version 12.00
# Visual Studio 15
VisualStudioVersion = 15.0.28307.106
MinimumVisualStudioVersion = 10.0.40219.1
Project("{FAE04EC0-301F-11D3-BF4B-00C04F79EFBC}") = "5-7_Do_While", "5-7_Do_While\5-7_Do_While.csproj", "{E67F6B0E-F1E6-421F-A703-46AC11241721}"
EndProject
Global
	GlobalSection(SolutionConfigurationPlatforms) = preSolution
		Debug|Any CPU = Debug|Any CPU
		Release|Any CPU = Release|Any CPU
	EndGlobalSection
	GlobalSection(ProjectConfigurationPlatforms) = postSolution
		{E67F6B0E-F1E6-421F-A703-46AC11241721}.Debug|Any CPU.ActiveCfg = Debug|Any CPU
		{E67F6B0E-F1E6-421F-A703-46AC11241721}.Debug|Any CPU.Build.0 = Debug|Any CPU
		{E67F6B0E-F1E6-421F-A703-46AC11241721}.Release|Any CPU.ActiveCfg = Release|Any CPU
		{E67F6B0E-F1E6-421F-A703-46AC11241721}.Release|Any CPU.Build.0 = Release|Any CPU
	EndGlobalSection
	GlobalSection(SolutionProperties) = preSolution
		HideSolutionNode = FALSE
	EndGlobalSection
	GlobalSection(ExtensibilityGlobals) = postSolution
		SolutionGuid = {4EF94AD9-1345-457D-AE79-599A4A6AE66F}
	EndGlobalSection
EndGlobal
