
Microsoft Visual Studio Solution File, Format Version 12.00
# Visual Studio 15
VisualStudioVersion = 15.0.28307.106
MinimumVisualStudioVersion = 10.0.40219.1
Project("{FAE04EC0-301F-11D3-BF4B-00C04F79EFBC}") = "İlk Dersimiz", "İlk Dersimiz\İlk Dersimiz.csproj", "{06BFA882-B541-4CC6-A206-24BDC536D200}"
EndProject
Global
	GlobalSection(SolutionConfigurationPlatforms) = preSolution
		Debug|Any CPU = Debug|Any CPU
		Release|Any CPU = Release|Any CPU
	EndGlobalSection
	GlobalSection(ProjectConfigurationPlatforms) = postSolution
		{06BFA882-B541-4CC6-A206-24BDC536D200}.Debug|Any CPU.ActiveCfg = Debug|Any CPU
		{06BFA882-B541-4CC6-A206-24BDC536D200}.Debug|Any CPU.Build.0 = Debug|Any CPU
		{06BFA882-B541-4CC6-A206-24BDC536D200}.Release|Any CPU.ActiveCfg = Release|Any CPU
		{06BFA882-B541-4CC6-A206-24BDC536D200}.Release|Any CPU.Build.0 = Release|Any CPU
	EndGlobalSection
	GlobalSection(SolutionProperties) = preSolution
		HideSolutionNode = FALSE
	EndGlobalSection
	GlobalSection(ExtensibilityGlobals) = postSolution
		SolutionGuid = {8E03FB8E-4332-4856-B564-1EBB9CA76201}
	EndGlobalSection
EndGlobal
