
Microsoft Visual Studio Solution File, Format Version 12.00
# Visual Studio 15
VisualStudioVersion = 15.0.28307.106
MinimumVisualStudioVersion = 10.0.40219.1
Project("{FAE04EC0-301F-11D3-BF4B-00C04F79EFBC}") = "Koşullu İfade Örnek 3", "Koşullu İfade Örnek 3\Koşullu İfade Örnek 3.csproj", "{FF418309-C063-4EC6-AE36-B3561A414895}"
EndProject
Global
	GlobalSection(SolutionConfigurationPlatforms) = preSolution
		Debug|Any CPU = Debug|Any CPU
		Release|Any CPU = Release|Any CPU
	EndGlobalSection
	GlobalSection(ProjectConfigurationPlatforms) = postSolution
		{FF418309-C063-4EC6-AE36-B3561A414895}.Debug|Any CPU.ActiveCfg = Debug|Any CPU
		{FF418309-C063-4EC6-AE36-B3561A414895}.Debug|Any CPU.Build.0 = Debug|Any CPU
		{FF418309-C063-4EC6-AE36-B3561A414895}.Release|Any CPU.ActiveCfg = Release|Any CPU
		{FF418309-C063-4EC6-AE36-B3561A414895}.Release|Any CPU.Build.0 = Release|Any CPU
	EndGlobalSection
	GlobalSection(SolutionProperties) = preSolution
		HideSolutionNode = FALSE
	EndGlobalSection
	GlobalSection(ExtensibilityGlobals) = postSolution
		SolutionGuid = {0BE2F62E-D40D-4642-B5B0-81E31A132E4F}
	EndGlobalSection
EndGlobal
