
Microsoft Visual Studio Solution File, Format Version 12.00
# Visual Studio 15
VisualStudioVersion = 15.0.28307.106
MinimumVisualStudioVersion = 10.0.40219.1
Project("{FAE04EC0-301F-11D3-BF4B-00C04F79EFBC}") = "Koşullu İfade Örnek 5", "Koşullu İfade Örnek 5\Koşullu İfade Örnek 5.csproj", "{ABFCA267-5A51-4E1C-8E60-7D081EC64C34}"
EndProject
Global
	GlobalSection(SolutionConfigurationPlatforms) = preSolution
		Debug|Any CPU = Debug|Any CPU
		Release|Any CPU = Release|Any CPU
	EndGlobalSection
	GlobalSection(ProjectConfigurationPlatforms) = postSolution
		{ABFCA267-5A51-4E1C-8E60-7D081EC64C34}.Debug|Any CPU.ActiveCfg = Debug|Any CPU
		{ABFCA267-5A51-4E1C-8E60-7D081EC64C34}.Debug|Any CPU.Build.0 = Debug|Any CPU
		{ABFCA267-5A51-4E1C-8E60-7D081EC64C34}.Release|Any CPU.ActiveCfg = Release|Any CPU
		{ABFCA267-5A51-4E1C-8E60-7D081EC64C34}.Release|Any CPU.Build.0 = Release|Any CPU
	EndGlobalSection
	GlobalSection(SolutionProperties) = preSolution
		HideSolutionNode = FALSE
	EndGlobalSection
	GlobalSection(ExtensibilityGlobals) = postSolution
		SolutionGuid = {36F185E5-8E59-4E90-87CA-7079C0FA5DC2}
	EndGlobalSection
EndGlobal
