
Microsoft Visual Studio Solution File, Format Version 12.00
# Visual Studio 15
VisualStudioVersion = 15.0.28307.106
MinimumVisualStudioVersion = 10.0.40219.1
Project("{FAE04EC0-301F-11D3-BF4B-00C04F79EFBC}") = "Milisaniyeden Saniyeye", "Milisaniyeden Saniyeye\Milisaniyeden Saniyeye.csproj", "{D84E505B-732D-44C7-B242-7594A1E71264}"
EndProject
Global
	GlobalSection(SolutionConfigurationPlatforms) = preSolution
		Debug|Any CPU = Debug|Any CPU
		Release|Any CPU = Release|Any CPU
	EndGlobalSection
	GlobalSection(ProjectConfigurationPlatforms) = postSolution
		{D84E505B-732D-44C7-B242-7594A1E71264}.Debug|Any CPU.ActiveCfg = Debug|Any CPU
		{D84E505B-732D-44C7-B242-7594A1E71264}.Debug|Any CPU.Build.0 = Debug|Any CPU
		{D84E505B-732D-44C7-B242-7594A1E71264}.Release|Any CPU.ActiveCfg = Release|Any CPU
		{D84E505B-732D-44C7-B242-7594A1E71264}.Release|Any CPU.Build.0 = Release|Any CPU
	EndGlobalSection
	GlobalSection(SolutionProperties) = preSolution
		HideSolutionNode = FALSE
	EndGlobalSection
	GlobalSection(ExtensibilityGlobals) = postSolution
		SolutionGuid = {ED44B1A4-D0BC-4991-AE5D-3697DC3BE45F}
	EndGlobalSection
EndGlobal
