
Microsoft Visual Studio Solution File, Format Version 12.00
# Visual Studio 15
VisualStudioVersion = 15.0.28307.106
MinimumVisualStudioVersion = 10.0.40219.1
Project("{FAE04EC0-301F-11D3-BF4B-00C04F79EFBC}") = "Çarpım", "Çarpım\Çarpım.csproj", "{47D7EE35-5936-474E-8AC8-3DC0448E833B}"
EndProject
Global
	GlobalSection(SolutionConfigurationPlatforms) = preSolution
		Debug|Any CPU = Debug|Any CPU
		Release|Any CPU = Release|Any CPU
	EndGlobalSection
	GlobalSection(ProjectConfigurationPlatforms) = postSolution
		{47D7EE35-5936-474E-8AC8-3DC0448E833B}.Debug|Any CPU.ActiveCfg = Debug|Any CPU
		{47D7EE35-5936-474E-8AC8-3DC0448E833B}.Debug|Any CPU.Build.0 = Debug|Any CPU
		{47D7EE35-5936-474E-8AC8-3DC0448E833B}.Release|Any CPU.ActiveCfg = Release|Any CPU
		{47D7EE35-5936-474E-8AC8-3DC0448E833B}.Release|Any CPU.Build.0 = Release|Any CPU
	EndGlobalSection
	GlobalSection(SolutionProperties) = preSolution
		HideSolutionNode = FALSE
	EndGlobalSection
	GlobalSection(ExtensibilityGlobals) = postSolution
		SolutionGuid = {E0F1FB81-14BE-45D7-AEED-2D8055DD19E4}
	EndGlobalSection
EndGlobal
