
Microsoft Visual Studio Solution File, Format Version 12.00
# Visual Studio 15
VisualStudioVersion = 15.0.27428.2037
MinimumVisualStudioVersion = 10.0.40219.1
Project("{FAE04EC0-301F-11D3-BF4B-00C04F79EFBC}") = "UcakSavarV2", "UcakSavarV2\UcakSavarV2.csproj", "{B729CE23-020C-45B9-8B85-7443FDB3493D}"
EndProject
Global
	GlobalSection(SolutionConfigurationPlatforms) = preSolution
		Debug|Any CPU = Debug|Any CPU
		Release|Any CPU = Release|Any CPU
	EndGlobalSection
	GlobalSection(ProjectConfigurationPlatforms) = postSolution
		{B729CE23-020C-45B9-8B85-7443FDB3493D}.Debug|Any CPU.ActiveCfg = Debug|Any CPU
		{B729CE23-020C-45B9-8B85-7443FDB3493D}.Debug|Any CPU.Build.0 = Debug|Any CPU
		{B729CE23-020C-45B9-8B85-7443FDB3493D}.Release|Any CPU.ActiveCfg = Release|Any CPU
		{B729CE23-020C-45B9-8B85-7443FDB3493D}.Release|Any CPU.Build.0 = Release|Any CPU
	EndGlobalSection
	GlobalSection(SolutionProperties) = preSolution
		HideSolutionNode = FALSE
	EndGlobalSection
	GlobalSection(ExtensibilityGlobals) = postSolution
		SolutionGuid = {8D5D1467-BF08-42AB-8302-B57A4998CAC4}
	EndGlobalSection
EndGlobal
