
Microsoft Visual Studio Solution File, Format Version 12.00
# Visual Studio 15
VisualStudioVersion = 15.0.28307.106
MinimumVisualStudioVersion = 10.0.40219.1
Project("{FAE04EC0-301F-11D3-BF4B-00C04F79EFBC}") = "Koleksiyonlar", "Koleksiyonlar\Koleksiyonlar.csproj", "{87369EC0-E565-45B4-92C3-D7E4F8C15181}"
EndProject
Global
	GlobalSection(SolutionConfigurationPlatforms) = preSolution
		Debug|Any CPU = Debug|Any CPU
		Release|Any CPU = Release|Any CPU
	EndGlobalSection
	GlobalSection(ProjectConfigurationPlatforms) = postSolution
		{87369EC0-E565-45B4-92C3-D7E4F8C15181}.Debug|Any CPU.ActiveCfg = Debug|Any CPU
		{87369EC0-E565-45B4-92C3-D7E4F8C15181}.Debug|Any CPU.Build.0 = Debug|Any CPU
		{87369EC0-E565-45B4-92C3-D7E4F8C15181}.Release|Any CPU.ActiveCfg = Release|Any CPU
		{87369EC0-E565-45B4-92C3-D7E4F8C15181}.Release|Any CPU.Build.0 = Release|Any CPU
	EndGlobalSection
	GlobalSection(SolutionProperties) = preSolution
		HideSolutionNode = FALSE
	EndGlobalSection
	GlobalSection(ExtensibilityGlobals) = postSolution
		SolutionGuid = {710466FD-CB8F-4E09-99D5-6140BD678B73}
	EndGlobalSection
EndGlobal
